
Microsoft Visual Studio Solution File, Format Version 12.00
# Visual Studio 2017
Project("{FAE04EC0-301F-11D3-BF4B-00C04F79EFBC}") = "Electrostatics VR.Plugins", "Electrostatics VR.Plugins.csproj", "{3DC2B52A-4F48-D225-09FC-EE8ACFD6D23B}"
EndProject
Project("{FAE04EC0-301F-11D3-BF4B-00C04F79EFBC}") = "Electrostatics VR", "Electrostatics VR.csproj", "{008D0DFC-984C-F2D9-EA28-32F41501D555}"
EndProject
Project("{FAE04EC0-301F-11D3-BF4B-00C04F79EFBC}") = "Electrostatics VR.Editor", "Electrostatics VR.Editor.csproj", "{0DB8404B-E5B1-2199-2D55-834AE6A9769D}"
EndProject
Global
	GlobalSection(SolutionConfigurationPlatforms) = preSolution
		Debug|Any CPU = Debug|Any CPU
		Release|Any CPU = Release|Any CPU
	EndGlobalSection
	GlobalSection(ProjectConfigurationPlatforms) = postSolution
		{3DC2B52A-4F48-D225-09FC-EE8ACFD6D23B}.Debug|Any CPU.ActiveCfg = Debug|Any CPU
		{3DC2B52A-4F48-D225-09FC-EE8ACFD6D23B}.Debug|Any CPU.Build.0 = Debug|Any CPU
		{3DC2B52A-4F48-D225-09FC-EE8ACFD6D23B}.Release|Any CPU.ActiveCfg = Release|Any CPU
		{3DC2B52A-4F48-D225-09FC-EE8ACFD6D23B}.Release|Any CPU.Build.0 = Release|Any CPU
		{008D0DFC-984C-F2D9-EA28-32F41501D555}.Debug|Any CPU.ActiveCfg = Debug|Any CPU
		{008D0DFC-984C-F2D9-EA28-32F41501D555}.Debug|Any CPU.Build.0 = Debug|Any CPU
		{008D0DFC-984C-F2D9-EA28-32F41501D555}.Release|Any CPU.ActiveCfg = Release|Any CPU
		{008D0DFC-984C-F2D9-EA28-32F41501D555}.Release|Any CPU.Build.0 = Release|Any CPU
		{0DB8404B-E5B1-2199-2D55-834AE6A9769D}.Debug|Any CPU.ActiveCfg = Debug|Any CPU
		{0DB8404B-E5B1-2199-2D55-834AE6A9769D}.Debug|Any CPU.Build.0 = Debug|Any CPU
		{0DB8404B-E5B1-2199-2D55-834AE6A9769D}.Release|Any CPU.ActiveCfg = Release|Any CPU
		{0DB8404B-E5B1-2199-2D55-834AE6A9769D}.Release|Any CPU.Build.0 = Release|Any CPU
	EndGlobalSection
	GlobalSection(SolutionProperties) = preSolution
		HideSolutionNode = FALSE
	EndGlobalSection
EndGlobal
